
Microsoft Visual Studio Solution File, Format Version 12.00
# Visual Studio 15
VisualStudioVersion = 15.0.27703.2018
MinimumVisualStudioVersion = 10.0.40219.1
Project("{FAE04EC0-301F-11D3-BF4B-00C04F79EFBC}") = "CarInsurance", "CarInsurance\CarInsurance.csproj", "{2357B0C0-3217-4CB3-A2D2-D6A5C6F3C327}"
EndProject
Global
	GlobalSection(SolutionConfigurationPlatforms) = preSolution
		Debug|Any CPU = Debug|Any CPU
		Release|Any CPU = Release|Any CPU
	EndGlobalSection
	GlobalSection(ProjectConfigurationPlatforms) = postSolution
		{2357B0C0-3217-4CB3-A2D2-D6A5C6F3C327}.Debug|Any CPU.ActiveCfg = Debug|Any CPU
		{2357B0C0-3217-4CB3-A2D2-D6A5C6F3C327}.Debug|Any CPU.Build.0 = Debug|Any CPU
		{2357B0C0-3217-4CB3-A2D2-D6A5C6F3C327}.Release|Any CPU.ActiveCfg = Release|Any CPU
		{2357B0C0-3217-4CB3-A2D2-D6A5C6F3C327}.Release|Any CPU.Build.0 = Release|Any CPU
	EndGlobalSection
	GlobalSection(SolutionProperties) = preSolution
		HideSolutionNode = FALSE
	EndGlobalSection
	GlobalSection(ExtensibilityGlobals) = postSolution
		SolutionGuid = {F6325862-4D3F-4257-96F4-332B032EF3B2}
	EndGlobalSection
EndGlobal
