
Microsoft Visual Studio Solution File, Format Version 12.00
# Visual Studio 15
VisualStudioVersion = 15.0.27703.2018
MinimumVisualStudioVersion = 10.0.40219.1
Project("{FAE04EC0-301F-11D3-BF4B-00C04F79EFBC}") = "MethodClassProject6", "MethodClassProject6\MethodClassProject6.csproj", "{C09A56D6-2075-497D-BB6C-753ACFA3DCD0}"
EndProject
Global
	GlobalSection(SolutionConfigurationPlatforms) = preSolution
		Debug|Any CPU = Debug|Any CPU
		Release|Any CPU = Release|Any CPU
	EndGlobalSection
	GlobalSection(ProjectConfigurationPlatforms) = postSolution
		{C09A56D6-2075-497D-BB6C-753ACFA3DCD0}.Debug|Any CPU.ActiveCfg = Debug|Any CPU
		{C09A56D6-2075-497D-BB6C-753ACFA3DCD0}.Debug|Any CPU.Build.0 = Debug|Any CPU
		{C09A56D6-2075-497D-BB6C-753ACFA3DCD0}.Release|Any CPU.ActiveCfg = Release|Any CPU
		{C09A56D6-2075-497D-BB6C-753ACFA3DCD0}.Release|Any CPU.Build.0 = Release|Any CPU
	EndGlobalSection
	GlobalSection(SolutionProperties) = preSolution
		HideSolutionNode = FALSE
	EndGlobalSection
	GlobalSection(ExtensibilityGlobals) = postSolution
		SolutionGuid = {1B9960E8-EA3F-47FF-89E0-80136ED0E24A}
	EndGlobalSection
EndGlobal
