
Microsoft Visual Studio Solution File, Format Version 12.00
# Visual Studio 15
VisualStudioVersion = 15.0.27703.2018
MinimumVisualStudioVersion = 10.0.40219.1
Project("{FAE04EC0-301F-11D3-BF4B-00C04F79EFBC}") = "AcmeAccounting", "AcmeAccounting\AcmeAccounting.csproj", "{9D539DB1-B8BD-4A17-84B3-D57C129720A5}"
EndProject
Global
	GlobalSection(SolutionConfigurationPlatforms) = preSolution
		Debug|Any CPU = Debug|Any CPU
		Release|Any CPU = Release|Any CPU
	EndGlobalSection
	GlobalSection(ProjectConfigurationPlatforms) = postSolution
		{9D539DB1-B8BD-4A17-84B3-D57C129720A5}.Debug|Any CPU.ActiveCfg = Debug|Any CPU
		{9D539DB1-B8BD-4A17-84B3-D57C129720A5}.Debug|Any CPU.Build.0 = Debug|Any CPU
		{9D539DB1-B8BD-4A17-84B3-D57C129720A5}.Release|Any CPU.ActiveCfg = Release|Any CPU
		{9D539DB1-B8BD-4A17-84B3-D57C129720A5}.Release|Any CPU.Build.0 = Release|Any CPU
	EndGlobalSection
	GlobalSection(SolutionProperties) = preSolution
		HideSolutionNode = FALSE
	EndGlobalSection
	GlobalSection(ExtensibilityGlobals) = postSolution
		SolutionGuid = {09D9F07E-212E-49C3-8841-9E82884C5980}
	EndGlobalSection
EndGlobal
