
Microsoft Visual Studio Solution File, Format Version 12.00
# Visual Studio 15
VisualStudioVersion = 15.0.27703.2018
MinimumVisualStudioVersion = 10.0.40219.1
Project("{FAE04EC0-301F-11D3-BF4B-00C04F79EFBC}") = "TwentyOne", "TwentyOne\TwentyOne.csproj", "{82CD5B8C-7AB0-4F5D-A208-8672F11075C0}"
EndProject
Global
	GlobalSection(SolutionConfigurationPlatforms) = preSolution
		Debug|Any CPU = Debug|Any CPU
		Release|Any CPU = Release|Any CPU
	EndGlobalSection
	GlobalSection(ProjectConfigurationPlatforms) = postSolution
		{82CD5B8C-7AB0-4F5D-A208-8672F11075C0}.Debug|Any CPU.ActiveCfg = Debug|Any CPU
		{82CD5B8C-7AB0-4F5D-A208-8672F11075C0}.Debug|Any CPU.Build.0 = Debug|Any CPU
		{82CD5B8C-7AB0-4F5D-A208-8672F11075C0}.Release|Any CPU.ActiveCfg = Release|Any CPU
		{82CD5B8C-7AB0-4F5D-A208-8672F11075C0}.Release|Any CPU.Build.0 = Release|Any CPU
	EndGlobalSection
	GlobalSection(SolutionProperties) = preSolution
		HideSolutionNode = FALSE
	EndGlobalSection
	GlobalSection(ExtensibilityGlobals) = postSolution
		SolutionGuid = {4C7C12D1-5BF2-4567-A2F0-2F00D1042902}
	EndGlobalSection
EndGlobal
