
Microsoft Visual Studio Solution File, Format Version 12.00
# Visual Studio 15
VisualStudioVersion = 15.0.27703.2018
MinimumVisualStudioVersion = 10.0.40219.1
Project("{FAE04EC0-301F-11D3-BF4B-00C04F79EFBC}") = "Strings", "Strings\Strings.csproj", "{361A299B-7F89-4FB9-883F-A18C7CEC0034}"
EndProject
Global
	GlobalSection(SolutionConfigurationPlatforms) = preSolution
		Debug|Any CPU = Debug|Any CPU
		Release|Any CPU = Release|Any CPU
	EndGlobalSection
	GlobalSection(ProjectConfigurationPlatforms) = postSolution
		{361A299B-7F89-4FB9-883F-A18C7CEC0034}.Debug|Any CPU.ActiveCfg = Debug|Any CPU
		{361A299B-7F89-4FB9-883F-A18C7CEC0034}.Debug|Any CPU.Build.0 = Debug|Any CPU
		{361A299B-7F89-4FB9-883F-A18C7CEC0034}.Release|Any CPU.ActiveCfg = Release|Any CPU
		{361A299B-7F89-4FB9-883F-A18C7CEC0034}.Release|Any CPU.Build.0 = Release|Any CPU
	EndGlobalSection
	GlobalSection(SolutionProperties) = preSolution
		HideSolutionNode = FALSE
	EndGlobalSection
	GlobalSection(ExtensibilityGlobals) = postSolution
		SolutionGuid = {A66473DB-D491-4A0E-89E6-D63503738E0C}
	EndGlobalSection
EndGlobal
